
Microsoft Visual Studio Solution File, Format Version 12.00
# Visual Studio 15
VisualStudioVersion = 15.0.28010.2026
MinimumVisualStudioVersion = 10.0.40219.1
Project("{FAE04EC0-301F-11D3-BF4B-00C04F79EFBC}") = "Guidance2", "Guidance2\Guidance2.csproj", "{E735D3CF-2D9B-4D5E-9B41-6CE9FEE7513C}"
EndProject
Global
	GlobalSection(SolutionConfigurationPlatforms) = preSolution
		Debug|Any CPU = Debug|Any CPU
		Release|Any CPU = Release|Any CPU
	EndGlobalSection
	GlobalSection(ProjectConfigurationPlatforms) = postSolution
		{E735D3CF-2D9B-4D5E-9B41-6CE9FEE7513C}.Debug|Any CPU.ActiveCfg = Debug|Any CPU
		{E735D3CF-2D9B-4D5E-9B41-6CE9FEE7513C}.Debug|Any CPU.Build.0 = Debug|Any CPU
		{E735D3CF-2D9B-4D5E-9B41-6CE9FEE7513C}.Release|Any CPU.ActiveCfg = Release|Any CPU
		{E735D3CF-2D9B-4D5E-9B41-6CE9FEE7513C}.Release|Any CPU.Build.0 = Release|Any CPU
	EndGlobalSection
	GlobalSection(SolutionProperties) = preSolution
		HideSolutionNode = FALSE
	EndGlobalSection
	GlobalSection(ExtensibilityGlobals) = postSolution
		SolutionGuid = {C4EB41B7-ECC0-4514-BB14-5CCBDC5D4485}
	EndGlobalSection
EndGlobal
